
Microsoft Visual Studio Solution File, Format Version 12.00
# Visual Studio Version 16
VisualStudioVersion = 16.0.31321.278
MinimumVisualStudioVersion = 10.0.40219.1
Project("{FAE04EC0-301F-11D3-BF4B-00C04F79EFBC}") = "SendKeysDemo", "SendKeysDemo\SendKeysDemo.csproj", "{95436861-B898-4484-A614-524931F64754}"
EndProject
Global
	GlobalSection(SolutionConfigurationPlatforms) = preSolution
		Debug|Any CPU = Debug|Any CPU
		Release|Any CPU = Release|Any CPU
	EndGlobalSection
	GlobalSection(ProjectConfigurationPlatforms) = postSolution
		{95436861-B898-4484-A614-524931F64754}.Debug|Any CPU.ActiveCfg = Debug|Any CPU
		{95436861-B898-4484-A614-524931F64754}.Debug|Any CPU.Build.0 = Debug|Any CPU
		{95436861-B898-4484-A614-524931F64754}.Release|Any CPU.ActiveCfg = Release|Any CPU
		{95436861-B898-4484-A614-524931F64754}.Release|Any CPU.Build.0 = Release|Any CPU
	EndGlobalSection
	GlobalSection(SolutionProperties) = preSolution
		HideSolutionNode = FALSE
	EndGlobalSection
	GlobalSection(ExtensibilityGlobals) = postSolution
		SolutionGuid = {85906E69-EB9F-4C5F-AC0E-DE3733CF2CD3}
	EndGlobalSection
EndGlobal
